
Microsoft Visual Studio Solution File, Format Version 12.00
# Visual Studio Version 17
VisualStudioVersion = 17.1.32210.238
MinimumVisualStudioVersion = 10.0.40219.1
Project("{FAE04EC0-301F-11D3-BF4B-00C04F79EFBC}") = "Linq query", "Linq query\Linq query.csproj", "{F8142E38-B107-496C-934B-9ED1889BAE6C}"
EndProject
Global
	GlobalSection(SolutionConfigurationPlatforms) = preSolution
		Debug|Any CPU = Debug|Any CPU
		Release|Any CPU = Release|Any CPU
	EndGlobalSection
	GlobalSection(ProjectConfigurationPlatforms) = postSolution
		{F8142E38-B107-496C-934B-9ED1889BAE6C}.Debug|Any CPU.ActiveCfg = Debug|Any CPU
		{F8142E38-B107-496C-934B-9ED1889BAE6C}.Debug|Any CPU.Build.0 = Debug|Any CPU
		{F8142E38-B107-496C-934B-9ED1889BAE6C}.Release|Any CPU.ActiveCfg = Release|Any CPU
		{F8142E38-B107-496C-934B-9ED1889BAE6C}.Release|Any CPU.Build.0 = Release|Any CPU
	EndGlobalSection
	GlobalSection(SolutionProperties) = preSolution
		HideSolutionNode = FALSE
	EndGlobalSection
	GlobalSection(ExtensibilityGlobals) = postSolution
		SolutionGuid = {0D146C88-9F31-464A-810B-7497364755FE}
	EndGlobalSection
EndGlobal
